
Microsoft Visual Studio Solution File, Format Version 12.00
# Visual Studio 2013
VisualStudioVersion = 12.0.30723.0
MinimumVisualStudioVersion = 10.0.40219.1
Project("{FAE04EC0-301F-11D3-BF4B-00C04F79EFBC}") = "ODataOpenIssuesDashboard", "ODataOpenIssuesDashboard\ODataOpenIssuesDashboard.csproj", "{CA78F6E7-5096-408D-B47E-6379F0E0C108}"
EndProject
Project("{2150E333-8FDC-42A3-9474-1A3956D46DE8}") = ".nuget", ".nuget", "{126433DB-0BFC-43B0-A58B-A645A788AF21}"
	ProjectSection(SolutionItems) = preProject
		.nuget\NuGet.Config = .nuget\NuGet.Config
		.nuget\NuGet.exe = .nuget\NuGet.exe
		.nuget\NuGet.targets = .nuget\NuGet.targets
	EndProjectSection
EndProject
Project("{FAE04EC0-301F-11D3-BF4B-00C04F79EFBC}") = "ForumBash.Common", "ForumBash.Common\ForumBash.Common.csproj", "{B31375D8-E4AC-4AD5-B769-1F44BB61839C}"
EndProject
Project("{FAE04EC0-301F-11D3-BF4B-00C04F79EFBC}") = "ForumBash.Service", "ForumBash.Service\ForumBash.Service.csproj", "{14EF0F9C-BE80-477D-9185-5F4B08633173}"
EndProject
Global
	GlobalSection(SolutionConfigurationPlatforms) = preSolution
		Debug|Any CPU = Debug|Any CPU
		Release|Any CPU = Release|Any CPU
	EndGlobalSection
	GlobalSection(ProjectConfigurationPlatforms) = postSolution
		{CA78F6E7-5096-408D-B47E-6379F0E0C108}.Debug|Any CPU.ActiveCfg = Debug|Any CPU
		{CA78F6E7-5096-408D-B47E-6379F0E0C108}.Debug|Any CPU.Build.0 = Debug|Any CPU
		{CA78F6E7-5096-408D-B47E-6379F0E0C108}.Release|Any CPU.ActiveCfg = Release|Any CPU
		{CA78F6E7-5096-408D-B47E-6379F0E0C108}.Release|Any CPU.Build.0 = Release|Any CPU
		{B31375D8-E4AC-4AD5-B769-1F44BB61839C}.Debug|Any CPU.ActiveCfg = Debug|Any CPU
		{B31375D8-E4AC-4AD5-B769-1F44BB61839C}.Debug|Any CPU.Build.0 = Debug|Any CPU
		{B31375D8-E4AC-4AD5-B769-1F44BB61839C}.Release|Any CPU.ActiveCfg = Release|Any CPU
		{B31375D8-E4AC-4AD5-B769-1F44BB61839C}.Release|Any CPU.Build.0 = Release|Any CPU
		{14EF0F9C-BE80-477D-9185-5F4B08633173}.Debug|Any CPU.ActiveCfg = Debug|Any CPU
		{14EF0F9C-BE80-477D-9185-5F4B08633173}.Debug|Any CPU.Build.0 = Debug|Any CPU
		{14EF0F9C-BE80-477D-9185-5F4B08633173}.Release|Any CPU.ActiveCfg = Release|Any CPU
		{14EF0F9C-BE80-477D-9185-5F4B08633173}.Release|Any CPU.Build.0 = Release|Any CPU
	EndGlobalSection
	GlobalSection(SolutionProperties) = preSolution
		HideSolutionNode = FALSE
	EndGlobalSection
EndGlobal
